hash: 9ffc0e4283751a68fb3671e77667515bc369239ba4a507e16de74d04671b6205
updated: 2018-12-14T02:25:57.997362-07:00
imports:
- name: github.com/andybalholm/cascadia
  version: 680b6a57bda4f657485ad44bdea42342ead737bc
- name: github.com/fatih/color
  version: 3f9d52f7176a6927daacff70a3e8d1dc2025c53e
- name: github.com/mattn/go-colorable
  version: efa589957cd060542a26d2dd7832fd6a6c6c3ade
- name: github.com/mattn/go-isatty
  version: 3fb116b820352b7f0c281308a4d6250c22d94e27
- name: github.com/PuerkitoBio/goquery
  version: 2d2796f41742ece03e8086188fa4db16a3a0b458
- name: github.com/robertkrimen/otto
  version: 15f95af6e78dcd2030d8195a138bd88d4f403546
  subpackages:
  - ast
  - dbg
  - file
  - parser
  - registry
  - token
- name: golang.org/x/net
  version: 891ebc4b82d6e74f468c533b06f983c7be918a96
  subpackages:
  - html
  - html/atom
- name: golang.org/x/sys
  version: 4d1cda033e0619309c606fc686de3adcf599539e
  subpackages:
  - unix
- name: gopkg.in/sourcemap.v1
  version: 6e83acea0053641eff084973fee085f0c193c61a
  subpackages:
  - base64vlq
- name: s32x.com/httpclient
  version: 7854cfe073d3ae92726b8fd10ba8779cfcce146f
testImports: []
