hash: ab884d8f76c62f2ae6dfcc33d7bcb1d075278051338a42ad5ea524d0620a6c25
updated: 2017-01-15T20:06:44.943508016-07:00
imports:
- name: github.com/andybalholm/cascadia
  version: 349dd0209470eabd9514242c688c403c0926d266
- name: github.com/fatih/color
  version: 42c364ba490082e4815b5222728711b3440603eb
- name: github.com/mattn/go-colorable
  version: d228849504861217f796da67fae4f6e347643f15
- name: github.com/mattn/go-isatty
  version: 30a891c33c7cde7b02a981314b4228ec99380cca
- name: github.com/PuerkitoBio/goquery
  version: 3cb3b8656883c2cc3deb9c643d93ea6e5157e425
- name: golang.org/x/net
  version: 69d4b8aa71caaaa75c3dfc11211d1be495abec7c
  subpackages:
  - html
  - html/atom
- name: golang.org/x/sys
  version: d75a52659825e75fff6158388dddc6a5b04f9ba5
  subpackages:
  - unix
- name: gopkg.in/urfave/cli.v1
  version: 0bdeddeeb0f650497d603c4ad7b20cfe685682f6
testImports: []
